
Microsoft Visual Studio Solution File, Format Version 12.00
# Visual Studio 15
VisualStudioVersion = 15.0.28307.168
MinimumVisualStudioVersion = 10.0.40219.1
Project("{FAE04EC0-301F-11D3-BF4B-00C04F79EFBC}") = "CommandTab", "CommandTab\CommandTab.csproj", "{40F512D1-6A8C-45BB-9A9A-BA794DAE6A15}"
EndProject
Global
	GlobalSection(SolutionConfigurationPlatforms) = preSolution
		Debug|Any CPU = Debug|Any CPU
		Release|Any CPU = Release|Any CPU
	EndGlobalSection
	GlobalSection(ProjectConfigurationPlatforms) = postSolution
		{40F512D1-6A8C-45BB-9A9A-BA794DAE6A15}.Debug|Any CPU.ActiveCfg = Debug|Any CPU
		{40F512D1-6A8C-45BB-9A9A-BA794DAE6A15}.Debug|Any CPU.Build.0 = Debug|Any CPU
		{40F512D1-6A8C-45BB-9A9A-BA794DAE6A15}.Release|Any CPU.ActiveCfg = Release|Any CPU
		{40F512D1-6A8C-45BB-9A9A-BA794DAE6A15}.Release|Any CPU.Build.0 = Release|Any CPU
	EndGlobalSection
	GlobalSection(SolutionProperties) = preSolution
		HideSolutionNode = FALSE
	EndGlobalSection
	GlobalSection(ExtensibilityGlobals) = postSolution
		SolutionGuid = {5376627A-3066-42CB-9592-82ADB3592FAA}
	EndGlobalSection
EndGlobal
